
Microsoft Visual Studio Solution File, Format Version 12.00
# Visual Studio 2015
Project("{FAE04EC0-301F-11D3-BF4B-00C04F79EFBC}") = "Soundaboat.CSharp.Plugins", "Soundaboat.CSharp.Plugins.csproj", "{02CB4E1F-1CB9-7167-1746-DC744CE49122}"
EndProject
Project("{FAE04EC0-301F-11D3-BF4B-00C04F79EFBC}") = "Soundaboat.CSharp", "Soundaboat.CSharp.csproj", "{F6115379-1CF0-9094-3D92-88487FFF542F}"
EndProject
Project("{FAE04EC0-301F-11D3-BF4B-00C04F79EFBC}") = "Soundaboat.CSharp.Editor", "Soundaboat.CSharp.Editor.csproj", "{8BA86AEB-DCB8-9942-3CBA-E3098F643579}"
EndProject
Global
	GlobalSection(SolutionConfigurationPlatforms) = preSolution
		Debug|Any CPU = Debug|Any CPU
		Release|Any CPU = Release|Any CPU
	EndGlobalSection
	GlobalSection(ProjectConfigurationPlatforms) = postSolution
		{02CB4E1F-1CB9-7167-1746-DC744CE49122}.Debug|Any CPU.ActiveCfg = Debug|Any CPU
		{02CB4E1F-1CB9-7167-1746-DC744CE49122}.Debug|Any CPU.Build.0 = Debug|Any CPU
		{02CB4E1F-1CB9-7167-1746-DC744CE49122}.Release|Any CPU.ActiveCfg = Release|Any CPU
		{02CB4E1F-1CB9-7167-1746-DC744CE49122}.Release|Any CPU.Build.0 = Release|Any CPU
		{F6115379-1CF0-9094-3D92-88487FFF542F}.Debug|Any CPU.ActiveCfg = Debug|Any CPU
		{F6115379-1CF0-9094-3D92-88487FFF542F}.Debug|Any CPU.Build.0 = Debug|Any CPU
		{F6115379-1CF0-9094-3D92-88487FFF542F}.Release|Any CPU.ActiveCfg = Release|Any CPU
		{F6115379-1CF0-9094-3D92-88487FFF542F}.Release|Any CPU.Build.0 = Release|Any CPU
		{8BA86AEB-DCB8-9942-3CBA-E3098F643579}.Debug|Any CPU.ActiveCfg = Debug|Any CPU
		{8BA86AEB-DCB8-9942-3CBA-E3098F643579}.Debug|Any CPU.Build.0 = Debug|Any CPU
		{8BA86AEB-DCB8-9942-3CBA-E3098F643579}.Release|Any CPU.ActiveCfg = Release|Any CPU
		{8BA86AEB-DCB8-9942-3CBA-E3098F643579}.Release|Any CPU.Build.0 = Release|Any CPU
	EndGlobalSection
	GlobalSection(SolutionProperties) = preSolution
		HideSolutionNode = FALSE
	EndGlobalSection
EndGlobal
